
Microsoft Visual Studio Solution File, Format Version 12.00
# Visual Studio Version 16
VisualStudioVersion = 16.0.30204.135
MinimumVisualStudioVersion = 10.0.40219.1
Project("{FAE04EC0-301F-11D3-BF4B-00C04F79EFBC}") = "FileIOPractice", "FileIOPractice\FileIOPractice.csproj", "{2AD36ED6-2A3C-47EE-A66D-A205BB488D8D}"
EndProject
Global
	GlobalSection(SolutionConfigurationPlatforms) = preSolution
		Debug|Any CPU = Debug|Any CPU
		Release|Any CPU = Release|Any CPU
	EndGlobalSection
	GlobalSection(ProjectConfigurationPlatforms) = postSolution
		{2AD36ED6-2A3C-47EE-A66D-A205BB488D8D}.Debug|Any CPU.ActiveCfg = Debug|Any CPU
		{2AD36ED6-2A3C-47EE-A66D-A205BB488D8D}.Debug|Any CPU.Build.0 = Debug|Any CPU
		{2AD36ED6-2A3C-47EE-A66D-A205BB488D8D}.Release|Any CPU.ActiveCfg = Release|Any CPU
		{2AD36ED6-2A3C-47EE-A66D-A205BB488D8D}.Release|Any CPU.Build.0 = Release|Any CPU
	EndGlobalSection
	GlobalSection(SolutionProperties) = preSolution
		HideSolutionNode = FALSE
	EndGlobalSection
	GlobalSection(ExtensibilityGlobals) = postSolution
		SolutionGuid = {698DDC61-9142-42F3-B137-D057D6730F9D}
	EndGlobalSection
EndGlobal
